
Microsoft Visual Studio Solution File, Format Version 12.00
# Visual Studio Version 17
VisualStudioVersion = 17.1.32319.34
MinimumVisualStudioVersion = 10.0.40219.1
Project("{FAE04EC0-301F-11D3-BF4B-00C04F79EFBC}") = "RPG", "RPG\RPG.csproj", "{1202E95D-623C-4857-BA62-327BE0ED58CC}"
EndProject
Global
	GlobalSection(SolutionConfigurationPlatforms) = preSolution
		Debug|Any CPU = Debug|Any CPU
		Release|Any CPU = Release|Any CPU
	EndGlobalSection
	GlobalSection(ProjectConfigurationPlatforms) = postSolution
		{1202E95D-623C-4857-BA62-327BE0ED58CC}.Debug|Any CPU.ActiveCfg = Debug|Any CPU
		{1202E95D-623C-4857-BA62-327BE0ED58CC}.Debug|Any CPU.Build.0 = Debug|Any CPU
		{1202E95D-623C-4857-BA62-327BE0ED58CC}.Release|Any CPU.ActiveCfg = Release|Any CPU
		{1202E95D-623C-4857-BA62-327BE0ED58CC}.Release|Any CPU.Build.0 = Release|Any CPU
	EndGlobalSection
	GlobalSection(SolutionProperties) = preSolution
		HideSolutionNode = FALSE
	EndGlobalSection
	GlobalSection(ExtensibilityGlobals) = postSolution
		SolutionGuid = {122C1093-750F-4FF6-902E-C4D4480AE3D1}
	EndGlobalSection
EndGlobal
